
Microsoft Visual Studio Solution File, Format Version 11.00
# Visual Basic Express 2010
Project("{F184B08F-C81C-45F6-A57F-5ABD9991F28F}") = "ODFXMaker", "ODFXMaker\ODFXMaker.vbproj", "{25407184-5AC1-460F-A5B0-CD2C2EAC47C6}"
EndProject
Global
	GlobalSection(SolutionConfigurationPlatforms) = preSolution
		Debug|x86 = Debug|x86
		Release|x86 = Release|x86
	EndGlobalSection
	GlobalSection(ProjectConfigurationPlatforms) = postSolution
		{25407184-5AC1-460F-A5B0-CD2C2EAC47C6}.Debug|x86.ActiveCfg = Debug|x86
		{25407184-5AC1-460F-A5B0-CD2C2EAC47C6}.Debug|x86.Build.0 = Debug|x86
		{25407184-5AC1-460F-A5B0-CD2C2EAC47C6}.Release|x86.ActiveCfg = Release|x86
		{25407184-5AC1-460F-A5B0-CD2C2EAC47C6}.Release|x86.Build.0 = Release|x86
	EndGlobalSection
	GlobalSection(SolutionProperties) = preSolution
		HideSolutionNode = FALSE
	EndGlobalSection
EndGlobal
